lockfileVersion: '9.0'

settings:
  autoInstallPeers: true
  excludeLinksFromLockfile: false

importers:

  .:
    dependencies:
      '@mantou/gem':
        specifier: ^2.2.4
        version: 2.2.5
      '@mantou/tap-ui':
        specifier: ^0.1.1
        version: 0.1.1(@mantou/gem@2.2.5)
      '@tauri-apps/api':
        specifier: ^2.11.1
        version: 2.11.1
    devDependencies:
      '@rsbuild/core':
        specifier: ^2.1.10
        version: 2.1.10
      '@tauri-apps/cli':
        specifier: ^2.11.4
        version: 2.11.4
      '@types/node':
        specifier: ^26.1.2
        version: 26.1.2
      swc-plugin-gem:
        specifier: ^0.1.9
        version: 0.1.10
      typescript:
        specifier: ~5.9.2
        version: 5.9.3
      unplugin-gem:
        specifier: ^0.1.2
        version: 0.1.2(@rspack/core@2.1.8(@swc/helpers@0.5.23))

packages:

  '@emnapi/core@1.11.3':
    resolution: {integrity: sha512-zLpS5asjEb7lq8jYLq37N6XKaE41DIexlY1rF/z4/tIl3wo13Sqm28fRyfIsKZD+NZ8mM5RoKkpW/rBcuoSZSg==}

  '@emnapi/runtime@1.11.3':
    resolution: {integrity: sha512-Xz4Tpyki7XyrpbUK1jR1AhdAdaXyhhY4lZ3neLodmhpuWfy2PAQN5B46sAiU4liOXGLkHypn/qU+jvfWSCYYLA==}

  '@emnapi/wasi-threads@1.2.3':
    resolution: {integrity: sha512-ELEBe8PsLvvJ6QMr0zLt8ffvOHW/dc1m3CEzNMg7aJUv3bMaoDtw2TXyDAwkYBuroxxuHEwhRTLJSe5sya547g==}

  '@jridgewell/gen-mapping@0.3.13':
    resolution: {integrity: sha512-2kkt/7niJ6MgEPxF0bYdQ6etZaA+fQvDcLKckhy1yIQOzaoKjBBjSj63/aLVjYE3qhRt5dvM+uUyfCg6UKCBbA==}

  '@jridgewell/remapping@2.3.5':
    resolution: {integrity: sha512-LI9u/+laYG4Ds1TDKSJW2YPrIlcVYOwi2fUC6xB43lueCjgxV4lffOCZCtYFiH6TNOX+tQKXx97T4IKHbhyHEQ==}

  '@jridgewell/resolve-uri@3.1.2':
    resolution: {integrity: sha512-bRISgCIjP20/tbWSPWMEi54QVPRZExkuD9lJL+UIxUKtwVJA8wW1Trb1jMs1RFXo1CBTNZ/5hpC9QvmKWdopKw==}
    engines: {node: '>=6.0.0'}

  '@jridgewell/sourcemap-codec@1.5.5':
    resolution: {integrity: sha512-cYQ9310grqxueWbl+WuIUIaiUaDcj7WOq5fVhEljNVgRfOUhY9fy2zTvfoqWsnebh8Sl70VScFbICvJnLKB0Og==}

  '@jridgewell/trace-mapping@0.3.31':
    resolution: {integrity: sha512-zzNR+SdQSDJzc8joaeP8QQoCQr8NuYx2dIIytl1QeBEZHJ9uW6hebsrYgbz8hJwUQao3TWCMtmfV8Nu1twOLAw==}

  '@mantou/gem@2.2.5':
    resolution: {integrity: sha512-aRVZ3rSjdhgIc3OzIzpDWibHW/bVQ87kX4nrlIUuspCnrHlyGO8FjJgXJCcgNrNhJb8nI2Jccey/M3nKSiS+ew==}

  '@mantou/tap-ui@0.1.1':
    resolution: {integrity: sha512-JJc2xQo7teTRnKNUj64hlxiGkcuErlkt74vTXutR4cbdk+dfp3Yng+Mupwz8zU8kyldbLkx7Z7qYKBUxcxWjVw==}
    peerDependencies:
      '@mantou/gem': ^2.x

  '@napi-rs/wasm-runtime@1.1.6':
    resolution: {integrity: sha512-ZLv/JdUfkvOy9eCnnBaGfiO+XimbjebAeO+MRQqD/B+FR1tnRN0tpKSJHRbE8sFfS6aqsXZ67TQjfwfsxULVbg==}
    peerDependencies:
      '@emnapi/core': ^1.7.1
      '@emnapi/runtime': ^1.7.1

  '@rsbuild/core@2.1.10':
    resolution: {integrity: sha512-lwxC5w88U2AMv6aNwG3VH7+AV33N4JJQjD//egVWFsMbV+OE/bnfCsurSpX8s3lGyRYkJMwUVN+YXMbmmYZFfw==}
    engines: {node: ^20.19.0 || >=22.12.0}
    hasBin: true
    peerDependencies:
      core-js: '>= 3.0.0'
    peerDependenciesMeta:
      core-js:
        optional: true

  '@rspack/binding-darwin-arm64@2.1.8':
    resolution: {integrity: sha512-kia+eWtyWPvR4ntg1bWYoVU8nLPbUg2fG3zgBEocsTcsh5ZENSiEPxEKymDgMyIMONUqj611E0775cdUBoNmqw==}
    cpu: [arm64]
    os: [darwin]

  '@rspack/binding-darwin-x64@2.1.8':
    resolution: {integrity: sha512-08pBkFhlD3Y3Qzh94w/Fc3skaIE3e96kl2P14m8+tnYTcglpOfpA2OwS3iHt9fOqy0HjoAVe6/MW3cBgs5iabA==}
    cpu: [x64]
    os: [darwin]

  '@rspack/binding-linux-arm64-gnu@2.1.8':
    resolution: {integrity: sha512-KLniMc9GzhKpVqhPzaJo3KJwzdAllXVVqZIk/uL1QipXOxs57fgM4u7IexKPFVla0o/u1PQG/Ah2YLDmda24Ow==}
    cpu: [arm64]
    os: [linux]
    libc: [glibc]

  '@rspack/binding-linux-arm64-musl@2.1.8':
    resolution: {integrity: sha512-yUKAxHNGnICtw5RnxFWu4dHtsz/tdt7rbeFcsINNVre9HcrRxf5XP+FbOGL/SMxd9oM9XCo10paU2WckTKwbEA==}
    cpu: [arm64]
    os: [linux]
    libc: [musl]

  '@rspack/binding-linux-riscv64-gnu@2.1.8':
    resolution: {integrity: sha512-gg4S1jaitwYPHR9HZ3zNGH1EK2GXINm66p4kEpOP1gbc+akyOouVF/dMcu9NGPlRg58FbEhVRZYKu7Z/zcpKHg==}
    cpu: [riscv64]
    os: [linux]
    libc: [glibc]

  '@rspack/binding-linux-riscv64-musl@2.1.8':
    resolution: {integrity: sha512-b/aU5j1h368SLNyz5u+flqpZVhzSZ1UIslaj9sZJuAvqkGWv3xsjc/28/PTo/RYXCxd0FNVAxTxWHKvRiAAS8w==}
    cpu: [riscv64]
    os: [linux]
    libc: [musl]

  '@rspack/binding-linux-x64-gnu@2.1.8':
    resolution: {integrity: sha512-EyegohSx0BJRqieCg9f/caCqFARRWkqI5hwJt6k530MoOTLeq8I3vsbeg24/2MktwIC1dmJi8bl0+WhPKQs4eQ==}
    cpu: [x64]
    os: [linux]
    libc: [glibc]

  '@rspack/binding-linux-x64-musl@2.1.8':
    resolution: {integrity: sha512-I6E+goN+UQ297q4r1qdbiAyNCI3t0+a5Y0xDIAPOZfRDRxDTnH/LF8/y65gjsJoKRKyn7zxRC0T/NURTkRNQ9A==}
    cpu: [x64]
    os: [linux]
    libc: [musl]

  '@rspack/binding-wasm32-wasi@2.1.8':
    resolution: {integrity: sha512-om7GAKWAU3lcSvbCon2m7mzw8v9OTrO2LW2MZ1lGe/uVJJmwGGkl9HVoXFyWFLrN6YVFyx8iP+AkN4owDWB9Cw==}
    cpu: [wasm32]

  '@rspack/binding-win32-arm64-msvc@2.1.8':
    resolution: {integrity: sha512-WDnsP/SUb9zbxyGX9XjPw5AXrX86u5oidn0MDdfJduOOqdCSpHwmRjlQ8NUJhbBq9WqVJMFlcab7NwZVWX/yyg==}
    cpu: [arm64]
    os: [win32]

  '@rspack/binding-win32-ia32-msvc@2.1.8':
    resolution: {integrity: sha512-QiMQMPNDiY3dhhaIdaFPzcPDC06cEYkNY89ea+EmDvNVgZq6V+2mFS/WnzZVMeEbGAYJCjsv/ABhhLT1hlYMvg==}
    cpu: [ia32]
    os: [win32]

  '@rspack/binding-win32-x64-msvc@2.1.8':
    resolution: {integrity: sha512-b7sA5eB64vo2mbsuc//MOYzVLeCKHPn0dfP/GmNEoHdWbhRgZ/orZLWurYMQj04ELTLW6YCJEy59g5KRzNYHfw==}
    cpu: [x64]
    os: [win32]

  '@rspack/binding@2.1.8':
    resolution: {integrity: sha512-tmAyHzDbPiy8V7HvQqtuPsbs6dPgwV0YjzW5XrPRV9gzf+Hdm7pvsZJKE1QKO9WV5RuvGYav98xIX6O+abZxzQ==}

  '@rspack/core@2.1.8':
    resolution: {integrity: sha512-na1kyA6Mj8/LWw9O3A8NsrG9rNKN3Iq2WiXrEuIwsU5r/Nl/evm3hO7bWKHxgsRyydI6W7okwx3MXgf8rzel6g==}
    engines: {node: ^20.19.0 || >=22.12.0}
    peerDependencies:
      '@module-federation/runtime-tools': ^0.24.1 || ^2.0.0
      '@swc/helpers': ^0.5.23
    peerDependenciesMeta:
      '@module-federation/runtime-tools':
        optional: true
      '@swc/helpers':
        optional: true

  '@swc/core-darwin-arm64@1.15.47':
    resolution: {integrity: sha512-GsoMtan3ojGGMGFbl31mmRu5ctZ56re8grGE8mO/OHJ8O+JRkzod02fe7X6ZQ8JvamA3imkEkx/h3u+vsOgPgA==}
    engines: {node: '>=10'}
    cpu: [arm64]
    os: [darwin]

  '@swc/core-darwin-x64@1.15.47':
    resolution: {integrity: sha512-leTi7Rx3KF4zcC637iqWgk9SoV8VXAD8ppQYXsep63px5A/UftOcxLN1pmr8Z1si/YvX90ompP/rHgpYkgwXWg==}
    engines: {node: '>=10'}
    cpu: [x64]
    os: [darwin]

  '@swc/core-linux-arm-gnueabihf@1.15.47':
    resolution: {integrity: sha512-hBqHuoWKKIsKmDBn9qVeWqj5GWZhtlcczVaqQmNRXsDfq+voR5CxKRfamA367QjJXtceYuliLFfEL8QsskRM2g==}
    engines: {node: '>=10'}
    cpu: [arm]
    os: [linux]

  '@swc/core-linux-arm64-gnu@1.15.47':
    resolution: {integrity: sha512-TBxvRz+B4K205TWHHZxWVxkC2RFNP/Mz3PNcECBos5PsKwxjg3QSJzdoebr0VCf0Bfh8HOPldKxAP/8XkFe9gA==}
    engines: {node: '>=10'}
    cpu: [arm64]
    os: [linux]
    libc: [glibc]

  '@swc/core-linux-arm64-musl@1.15.47':
    resolution: {integrity: sha512-3Yu3Uq/VgytqsPjTMbkPU1ExADytbdWbruJYhA584E9jrpE2Ki+R6VVPoZCeAVk1Cb7QxcRTgblw6bSa6a/R+w==}
    engines: {node: '>=10'}
    cpu: [arm64]
    os: [linux]
    libc: [musl]

  '@swc/core-linux-ppc64-gnu@1.15.47':
    resolution: {integrity: sha512-wfdMi5IaOaNtmh2/6geRoxIdNfqylUZFdtzTKS655y1axWfIWyx7As74vv0wVdjeCIZ3WmCI9odDd4rUttXOSQ==}
    engines: {node: '>=10'}
    cpu: [ppc64]
    os: [linux]
    libc: [glibc]

  '@swc/core-linux-s390x-gnu@1.15.47':
    resolution: {integrity: sha512-3hHYBY0yx8Ez7GMRrkhXHQzMdR5IZA6Wq5Ee4svlgwvSECLpnAJ9+0AimEGUFDvuLwE7nV/2+PYe8+Nm4rvNcQ==}
    engines: {node: '>=10'}
    cpu: [s390x]
    os: [linux]
    libc: [glibc]

  '@swc/core-linux-x64-gnu@1.15.47':
    resolution: {integrity: sha512-TjfhjgP/jGCfFHYC3JQPhJA1HwErbIJ9JfREDc1KNkvY6P0LodCgKVIlQ5deeTbkG7ih3bF5PHJLuLpaZjdRyQ==}
    engines: {node: '>=10'}
    cpu: [x64]
    os: [linux]
    libc: [glibc]

  '@swc/core-linux-x64-musl@1.15.47':
    resolution: {integrity: sha512-CQpS8Ge/avfjZd0UEwG/sds83Uu32deQXcV1Jo3jD0mmvQQqtYAjpsDZXugmheeAwmt+YIuoVtVHro8LMYHqsQ==}
    engines: {node: '>=10'}
    cpu: [x64]
    os: [linux]
    libc: [musl]

  '@swc/core-win32-arm64-msvc@1.15.47':
    resolution: {integrity: sha512-0W8IKHsUTYiT7G2RqtOoVWk+89yzZikIiDUb/sCK6BmQDBhN91hQSfyUtW12jhEWLzYgcfmisfsZrmZE+84U1A==}
    engines: {node: '>=10'}
    cpu: [arm64]
    os: [win32]

  '@swc/core-win32-ia32-msvc@1.15.47':
    resolution: {integrity: sha512-ZIp49d2Z4/ka2jO9otOg4hDvTdPmp86kVOgS2M5FCPI7eKKZ1W0boxWn+8XeZrfERtFGW0AlMRm4JhlJa7l3NA==}
    engines: {node: '>=10'}
    cpu: [ia32]
    os: [win32]

  '@swc/core-win32-x64-msvc@1.15.47':
    resolution: {integrity: sha512-2h8Iek95vnixkBRCo+H8p09+Q5ll2NgSMFrWTy0iKt7+/t+8/T5mBpiT6c0ZxSS7wcWjwZ9sGZkK70tTSYHdDw==}
    engines: {node: '>=10'}
    cpu: [x64]
    os: [win32]

  '@swc/core@1.15.47':
    resolution: {integrity: sha512-FbsO5JcfOjfH38W/rohBRBweJeERsAuIP4f377lmkmxTcq9exjtx4SkRuZY5CdfhR2CBVwDIJegBpJDffwNsOg==}
    engines: {node: '>=10'}
    peerDependencies:
      '@swc/helpers': '>=0.5.17'
    peerDependenciesMeta:
      '@swc/helpers':
        optional: true

  '@swc/counter@0.1.3':
    resolution: {integrity: sha512-e2BR4lsJkkRlKZ/qCHPw9ZaSxc0MVUd7gtbtaB7aMvHeJVYe8sOB8DBZkP2DtISHGSku9sCK6T6cnY0CtXrOCQ==}

  '@swc/helpers@0.5.23':
    resolution: {integrity: sha512-5lSsMOTXURePglDfvuAQUqkGek9Hg2kksOYay2m0+XR++b2NWYL/4sWyuvVBIs8oKnJaxkdi9whaL/sqN13afw==}

  '@swc/types@0.1.28':
    resolution: {integrity: sha512-V6Mnml8v09QALx6K0elJ7o9K/MkVDtW3t6L+7Ou/JcWtb3xwId2AH4FeOceySd2JaO87IMw4+6vSZxLm34LPbw==}

  '@tauri-apps/api@2.11.1':
    resolution: {integrity: sha512-M2FPuYND2m+wh5hfW9ZpSdxMPdEJovPBWwoHJmwUpysTYNHaOkVFN419m/K0LIgjb/7KU2vBgsUepJWugQCvAA==}

  '@tauri-apps/cli-darwin-arm64@2.11.4':
    resolution: {integrity: sha512-1ryOF3ZhpZ/nemHV5zVwBQBz9jDGKmKPvWPADOhc83ig0P4bMc2iER4NbC6r9sjeIZ6RVQ4g3RZIYvezhcl4TQ==}
    engines: {node: '>= 10'}
    cpu: [arm64]
    os: [darwin]

  '@tauri-apps/cli-darwin-x64@2.11.4':
    resolution: {integrity: sha512-uFsGQAAfuyz1k/yGLmkWfkBlgKAqZfxqlHmLWx81QU27RJWfmbNHCIq8T8w1e+VClleIuZUjpHWfoE4E3DLo3A==}
    engines: {node: '>= 10'}
    cpu: [x64]
    os: [darwin]

  '@tauri-apps/cli-linux-arm-gnueabihf@2.11.4':
    resolution: {integrity: sha512-IaHZn5CdBL21oUmjiVOS1ctw6Ip1O0pjp70FwOWmYz1myWe0SY96ZIj2FYf7pT0m8bI2h/hrs5ZbEXXh44/MkQ==}
    engines: {node: '>= 10'}
    cpu: [arm]
    os: [linux]

  '@tauri-apps/cli-linux-arm64-gnu@2.11.4':
    resolution: {integrity: sha512-N41/ukTRVe6XSuUTESuFdGeOW2i7k62tK+6gHK5Kd5/q5RPvvi19GaWAVPPb9u95HSGmTChSolBfzynUsssFaA==}
    engines: {node: '>= 10'}
    cpu: [arm64]
    os: [linux]
    libc: [glibc]

  '@tauri-apps/cli-linux-arm64-musl@2.11.4':
    resolution: {integrity: sha512-v277UnT/fB64xAfSroL5N3Km3tLmvATWqJJw/wRI+g6o+HkeD0slyE7gOhNs1MbjE41R7bQOTxMVoL3aomUJmw==}
    engines: {node: '>= 10'}
    cpu: [arm64]
    os: [linux]
    libc: [musl]

  '@tauri-apps/cli-linux-riscv64-gnu@2.11.4':
    resolution: {integrity: sha512-qqgNkQ2u1yZHxjhxsZaxUtRDW8dIqIYm33rx/mzwQv0SfY9x1B+iraj8vWeFiXjjSVVhEMepXSOts1TqPzvXNQ==}
    engines: {node: '>= 10'}
    cpu: [riscv64]
    os: [linux]
    libc: [glibc]

  '@tauri-apps/cli-linux-x64-gnu@2.11.4':
    resolution: {integrity: sha512-2VRNWl84FOH0m2giiDkO2h0QXlcMJeX+zJDpI5kDIQAx6s+geF3v48F4DXfJez4GS/FdoDGnPnw1C2iYGbQ7bQ==}
    engines: {node: '>= 10'}
    cpu: [x64]
    os: [linux]
    libc: [glibc]

  '@tauri-apps/cli-linux-x64-musl@2.11.4':
    resolution: {integrity: sha512-o9GyhYor/nc7xarmwDE3ka2szuW3uuZzXjHWh64Q8YX5AtSgxdQkFWzrY4O8KiGtVNvFBI14H3Q49Qj5TOIP/A==}
    engines: {node: '>= 10'}
    cpu: [x64]
    os: [linux]
    libc: [musl]

  '@tauri-apps/cli-win32-arm64-msvc@2.11.4':
    resolution: {integrity: sha512-ld5Ehb598m0VkYyylRPNeCFsBe/km0jxis6KgMpl3IGY6I/i1RwQXO05I1AsXUXO2WC6AvB/Lw4qTf/asiuEiQ==}
    engines: {node: '>= 10'}
    cpu: [arm64]
    os: [win32]

  '@tauri-apps/cli-win32-ia32-msvc@2.11.4':
    resolution: {integrity: sha512-12Hxi0XX/H5VFxO/bGgHkFWhml9VMgEOu9CidjeCeTNQ1l6fpUlbiGgSP7CLI3PFtW9/FfbeHieZ+kyWK5H7CA==}
    engines: {node: '>= 10'}
    cpu: [ia32]
    os: [win32]

  '@tauri-apps/cli-win32-x64-msvc@2.11.4':
    resolution: {integrity: sha512-+vDiqBIU5dMISg/wNvX3sF+ZHfgJGJ5T0AcO+EHNXV9GGAG+P5fzodlDXD3QdKCRgZxMoCm5PPvj3BqLNjBthw==}
    engines: {node: '>= 10'}
    cpu: [x64]
    os: [win32]

  '@tauri-apps/cli@2.11.4':
    resolution: {integrity: sha512-R8xGtMpwyetawSqm9kYOuMmEqkhUbvcUy8n0aNXIxollKBLESUu5f4Fx+64hgASYm1H+jSWq6jCW6zqTnH6hqQ==}
    engines: {node: '>= 10'}
    hasBin: true

  '@tybys/wasm-util@0.10.3':
    resolution: {integrity: sha512-F3fo1MYrRJYL3zER0OUOmkutjr1Vp23m7OsSgp7nq4SP6OqX6C/56XFIPAl5bt3zaBRjmW7SGz3u/6LwFpYcOg==}

  '@types/node@26.1.2':
    resolution: {integrity: sha512-Vu4a5UFA9rIIFJ7rB/Vaafh9lrCQszopTCx6KjFboXTGQbPNasehVR5TEiithSDGyd1DEiUByggTZsg8jukeIg==}

  picomatch@4.0.5:
    resolution: {integrity: sha512-RvwwcruNjI1ncT5xRakeyS9Lf8lcItv34KD+aif+VH9kduAyfYBipGh12274xtenIPZ119/R9BdTBa8gAwSh0A==}
    engines: {node: '>=12'}

  swc-plugin-gem@0.1.10:
    resolution: {integrity: sha512-/nxrQBjxXbxXnzD2qLT4Asla0PEoA+wU5OX6TjDMM1Jem5g5mtdILdnGKD756t8hJCuzhS2BXzesfJWQwJVA0w==}

  tslib@2.8.1:
    resolution: {integrity: sha512-oJFu94HQb+KVduSUQL7wnpmqnfmLsOA/nAh6b6EH0wCEoK0/mPeXU6c3wKDV83MkOuHPRHtSXKKU99IBazS/2w==}

  typescript@5.9.3:
    resolution: {integrity: sha512-jl1vZzPDinLr9eUt3J/t7V6FgNEw9QjvBPdysz9KfQDD41fQrC2Y4vKQdiaUpFT4bXlb1RHhLpp8wtm6M5TgSw==}
    engines: {node: '>=14.17'}
    hasBin: true

  undici-types@8.3.0:
    resolution: {integrity: sha512-j375ScV60dom+YkPFIfTLcOiPxkN/buHz5GobjLhixFuANaNs3C9l4GmrWqejgXWJ7BbJcFYpTEUkS1Ge8bpZQ==}

  unplugin-gem@0.1.2:
    resolution: {integrity: sha512-KUilZK++z7aasRt3Ny6fLZbh6VruanI16Ow0Re1ncjFwoFE/7ELT9ijoiaV2o3+3R0OW1wYiMZG28jRwEmOiyw==}
    peerDependencies:
      '@rspack/core': '>=0.0.0'
      esbuild: '>=0.20.0'
      rolldown: '>=0.0.0'
      rollup: '>=3.0.0'
      vite: '>=4.0.0'
      webpack: '>=5.0.0'
    peerDependenciesMeta:
      '@rspack/core':
        optional: true
      esbuild:
        optional: true
      rolldown:
        optional: true
      rollup:
        optional: true
      vite:
        optional: true
      webpack:
        optional: true

  unplugin@3.3.0:
    resolution: {integrity: sha512-qa66K+crbfyE6JK10GjvbJeRrOsuC/JpbnHctfyp/i4oBTxWOzJfRZyDiOk1PtErMFRu8JhsU/wPvOdBNWe5Rg==}
    engines: {node: ^20.19.0 || >=22.12.0}
    peerDependencies:
      '@farmfe/core': '*'
      '@rspack/core': '*'
      bun-types-no-globals: '*'
      esbuild: '*'
      rolldown: '*'
      rollup: '*'
      unloader: '*'
      vite: '*'
      webpack: '*'
    peerDependenciesMeta:
      '@farmfe/core':
        optional: true
      '@rspack/core':
        optional: true
      bun-types-no-globals:
        optional: true
      esbuild:
        optional: true
      rolldown:
        optional: true
      rollup:
        optional: true
      unloader:
        optional: true
      vite:
        optional: true
      webpack:
        optional: true

  webpack-virtual-modules@0.6.2:
    resolution: {integrity: sha512-66/V2i5hQanC51vBQKPH4aI8NMAcBW59FVBs+rC7eGHupMyfn34q7rZIE+ETlJ+XTevqfUhVVBgSUNSW2flEUQ==}

snapshots:

  '@emnapi/core@1.11.3':
    dependencies:
      '@emnapi/wasi-threads': 1.2.3
      tslib: 2.8.1
    optional: true

  '@emnapi/runtime@1.11.3':
    dependencies:
      tslib: 2.8.1
    optional: true

  '@emnapi/wasi-threads@1.2.3':
    dependencies:
      tslib: 2.8.1
    optional: true

  '@jridgewell/gen-mapping@0.3.13':
    dependencies:
      '@jridgewell/sourcemap-codec': 1.5.5
      '@jridgewell/trace-mapping': 0.3.31

  '@jridgewell/remapping@2.3.5':
    dependencies:
      '@jridgewell/gen-mapping': 0.3.13
      '@jridgewell/trace-mapping': 0.3.31

  '@jridgewell/resolve-uri@3.1.2': {}

  '@jridgewell/sourcemap-codec@1.5.5': {}

  '@jridgewell/trace-mapping@0.3.31':
    dependencies:
      '@jridgewell/resolve-uri': 3.1.2
      '@jridgewell/sourcemap-codec': 1.5.5

  '@mantou/gem@2.2.5': {}

  '@mantou/tap-ui@0.1.1(@mantou/gem@2.2.5)':
    dependencies:
      '@mantou/gem': 2.2.5

  '@napi-rs/wasm-runtime@1.1.6(@emnapi/core@1.11.3)(@emnapi/runtime@1.11.3)':
    dependencies:
      '@emnapi/core': 1.11.3
      '@emnapi/runtime': 1.11.3
      '@tybys/wasm-util': 0.10.3
    optional: true

  '@rsbuild/core@2.1.10':
    dependencies:
      '@rspack/core': 2.1.8(@swc/helpers@0.5.23)
      '@swc/helpers': 0.5.23
    transitivePeerDependencies:
      - '@module-federation/runtime-tools'

  '@rspack/binding-darwin-arm64@2.1.8':
    optional: true

  '@rspack/binding-darwin-x64@2.1.8':
    optional: true

  '@rspack/binding-linux-arm64-gnu@2.1.8':
    optional: true

  '@rspack/binding-linux-arm64-musl@2.1.8':
    optional: true

  '@rspack/binding-linux-riscv64-gnu@2.1.8':
    optional: true

  '@rspack/binding-linux-riscv64-musl@2.1.8':
    optional: true

  '@rspack/binding-linux-x64-gnu@2.1.8':
    optional: true

  '@rspack/binding-linux-x64-musl@2.1.8':
    optional: true

  '@rspack/binding-wasm32-wasi@2.1.8':
    dependencies:
      '@emnapi/core': 1.11.3
      '@emnapi/runtime': 1.11.3
      '@napi-rs/wasm-runtime': 1.1.6(@emnapi/core@1.11.3)(@emnapi/runtime@1.11.3)
    optional: true

  '@rspack/binding-win32-arm64-msvc@2.1.8':
    optional: true

  '@rspack/binding-win32-ia32-msvc@2.1.8':
    optional: true

  '@rspack/binding-win32-x64-msvc@2.1.8':
    optional: true

  '@rspack/binding@2.1.8':
    optionalDependencies:
      '@rspack/binding-darwin-arm64': 2.1.8
      '@rspack/binding-darwin-x64': 2.1.8
      '@rspack/binding-linux-arm64-gnu': 2.1.8
      '@rspack/binding-linux-arm64-musl': 2.1.8
      '@rspack/binding-linux-riscv64-gnu': 2.1.8
      '@rspack/binding-linux-riscv64-musl': 2.1.8
      '@rspack/binding-linux-x64-gnu': 2.1.8
      '@rspack/binding-linux-x64-musl': 2.1.8
      '@rspack/binding-wasm32-wasi': 2.1.8
      '@rspack/binding-win32-arm64-msvc': 2.1.8
      '@rspack/binding-win32-ia32-msvc': 2.1.8
      '@rspack/binding-win32-x64-msvc': 2.1.8

  '@rspack/core@2.1.8(@swc/helpers@0.5.23)':
    dependencies:
      '@rspack/binding': 2.1.8
    optionalDependencies:
      '@swc/helpers': 0.5.23

  '@swc/core-darwin-arm64@1.15.47':
    optional: true

  '@swc/core-darwin-x64@1.15.47':
    optional: true

  '@swc/core-linux-arm-gnueabihf@1.15.47':
    optional: true

  '@swc/core-linux-arm64-gnu@1.15.47':
    optional: true

  '@swc/core-linux-arm64-musl@1.15.47':
    optional: true

  '@swc/core-linux-ppc64-gnu@1.15.47':
    optional: true

  '@swc/core-linux-s390x-gnu@1.15.47':
    optional: true

  '@swc/core-linux-x64-gnu@1.15.47':
    optional: true

  '@swc/core-linux-x64-musl@1.15.47':
    optional: true

  '@swc/core-win32-arm64-msvc@1.15.47':
    optional: true

  '@swc/core-win32-ia32-msvc@1.15.47':
    optional: true

  '@swc/core-win32-x64-msvc@1.15.47':
    optional: true

  '@swc/core@1.15.47(@swc/helpers@0.5.23)':
    dependencies:
      '@swc/counter': 0.1.3
      '@swc/types': 0.1.28
    optionalDependencies:
      '@swc/core-darwin-arm64': 1.15.47
      '@swc/core-darwin-x64': 1.15.47
      '@swc/core-linux-arm-gnueabihf': 1.15.47
      '@swc/core-linux-arm64-gnu': 1.15.47
      '@swc/core-linux-arm64-musl': 1.15.47
      '@swc/core-linux-ppc64-gnu': 1.15.47
      '@swc/core-linux-s390x-gnu': 1.15.47
      '@swc/core-linux-x64-gnu': 1.15.47
      '@swc/core-linux-x64-musl': 1.15.47
      '@swc/core-win32-arm64-msvc': 1.15.47
      '@swc/core-win32-ia32-msvc': 1.15.47
      '@swc/core-win32-x64-msvc': 1.15.47
      '@swc/helpers': 0.5.23

  '@swc/counter@0.1.3': {}

  '@swc/helpers@0.5.23':
    dependencies:
      tslib: 2.8.1

  '@swc/types@0.1.28':
    dependencies:
      '@swc/counter': 0.1.3

  '@tauri-apps/api@2.11.1': {}

  '@tauri-apps/cli-darwin-arm64@2.11.4':
    optional: true

  '@tauri-apps/cli-darwin-x64@2.11.4':
    optional: true

  '@tauri-apps/cli-linux-arm-gnueabihf@2.11.4':
    optional: true

  '@tauri-apps/cli-linux-arm64-gnu@2.11.4':
    optional: true

  '@tauri-apps/cli-linux-arm64-musl@2.11.4':
    optional: true

  '@tauri-apps/cli-linux-riscv64-gnu@2.11.4':
    optional: true

  '@tauri-apps/cli-linux-x64-gnu@2.11.4':
    optional: true

  '@tauri-apps/cli-linux-x64-musl@2.11.4':
    optional: true

  '@tauri-apps/cli-win32-arm64-msvc@2.11.4':
    optional: true

  '@tauri-apps/cli-win32-ia32-msvc@2.11.4':
    optional: true

  '@tauri-apps/cli-win32-x64-msvc@2.11.4':
    optional: true

  '@tauri-apps/cli@2.11.4':
    optionalDependencies:
      '@tauri-apps/cli-darwin-arm64': 2.11.4
      '@tauri-apps/cli-darwin-x64': 2.11.4
      '@tauri-apps/cli-linux-arm-gnueabihf': 2.11.4
      '@tauri-apps/cli-linux-arm64-gnu': 2.11.4
      '@tauri-apps/cli-linux-arm64-musl': 2.11.4
      '@tauri-apps/cli-linux-riscv64-gnu': 2.11.4
      '@tauri-apps/cli-linux-x64-gnu': 2.11.4
      '@tauri-apps/cli-linux-x64-musl': 2.11.4
      '@tauri-apps/cli-win32-arm64-msvc': 2.11.4
      '@tauri-apps/cli-win32-ia32-msvc': 2.11.4
      '@tauri-apps/cli-win32-x64-msvc': 2.11.4

  '@tybys/wasm-util@0.10.3':
    dependencies:
      tslib: 2.8.1
    optional: true

  '@types/node@26.1.2':
    dependencies:
      undici-types: 8.3.0

  picomatch@4.0.5: {}

  swc-plugin-gem@0.1.10: {}

  tslib@2.8.1: {}

  typescript@5.9.3: {}

  undici-types@8.3.0: {}

  unplugin-gem@0.1.2(@rspack/core@2.1.8(@swc/helpers@0.5.23)):
    dependencies:
      '@swc/core': 1.15.47(@swc/helpers@0.5.23)
      '@swc/helpers': 0.5.23
      swc-plugin-gem: 0.1.10
      unplugin: 3.3.0(@rspack/core@2.1.8(@swc/helpers@0.5.23))
    optionalDependencies:
      '@rspack/core': 2.1.8(@swc/helpers@0.5.23)
    transitivePeerDependencies:
      - '@farmfe/core'
      - bun-types-no-globals
      - unloader

  unplugin@3.3.0(@rspack/core@2.1.8(@swc/helpers@0.5.23)):
    dependencies:
      '@jridgewell/remapping': 2.3.5
      picomatch: 4.0.5
      webpack-virtual-modules: 0.6.2
    optionalDependencies:
      '@rspack/core': 2.1.8(@swc/helpers@0.5.23)

  webpack-virtual-modules@0.6.2: {}
